version = 1
revision = 3
requires-python = ">=3.14"
resolution-markers = [
    "sys_platform == 'win32'",
    "sys_platform == 'emscripten'",
    "sys_platform != 'emscripten' and sys_platform != 'win32'",
]

[[package]]
name = "annotated-types"
version = "0.7.0"
source = { registry = "https://pypi.org/simple" }
sdist = { url = "https://files.pythonhosted.org/packages/ee/67/531ea369ba64dcff5ec9c3402f9f51bf748cec26dde048a2f973a4eea7f5/annotated_types-0.7.0.tar.gz", hash = "sha256:aff07c09a53a08bc8cfccb9c85b05f1aa9a2a6f23728d790723543408344ce89", size = 16081, upload-time = "2024-05-20T21:33:25.928Z" }
wheels = [
    { url = "https://files.pythonhosted.org/packages/78/b6/6307fbef88d9b5ee7421e68d78a9f162e0da4900bc5f5793f6d3d0e34fb8/annotated_types-0.7.0-py3-none-any.whl", hash = "sha256:1f02e8b43a8fbbc3f3e0d4f0f4bfc8131bcb4eebe8849b8e5c773f3a1c582a53", size = 13643, upload-time = "2024-05-20T21:33:24.1Z" },
]

[[package]]
name = "colorama"
version = "0.4.6"
source = { registry = "https://pypi.org/simple" }
sdist = { url = "https://files.pythonhosted.org/packages/d8/53/6f443c9a4a8358a93a6792e2acffb9d9d5cb0a5cfd8802644b7b1c9a02e4/colorama-0.4.6.tar.gz", hash = "sha256:08695f5cb7ed6e0531a20572697297273c47b8cae5a63ffc6d6ed5c201be6e44", size = 27697, upload-time = "2022-10-25T02:36:22.414Z" }
wheels = [
    { url = "https://files.pythonhosted.org/packages/d1/d6/3965ed04c63042e047cb6a3e6ed1a63a35087b6a609aa3a15ed8ac56c221/colorama-0.4.6-py2.py3-none-any.whl", hash = "sha256:4f1d9991f5acc0ca119f9d443620b77f9d6b33703e51011c16baf57afb285fc6", size = 25335, upload-time = "2022-10-25T02:36:20.889Z" },
]

[[package]]
name = "dfs-optimizer"
version = "0.1.0"
source = { virtual = "." }
dependencies = [
    { name = "pandas" },
    { name = "pulp" },
    { name = "pydantic" },
    { name = "pytest" },
    { name = "ruff" },
]

[package.metadata]
requires-dist = [
    { name = "pandas", specifier = "==3.0.5" },
    { name = "pulp", specifier = "==3.3.2" },
    { name = "pydantic", specifier = "==2.14.0a1" },
    { name = "pytest", specifier = "==9.1.1" },
    { name = "ruff", specifier = "==0.16.0" },
]

[[package]]
name = "iniconfig"
version = "2.1.0"
source = { registry = "https://pypi.org/simple" }
sdist = { url = "https://files.pythonhosted.org/packages/f2/97/ebf4da567aa6827c909642694d71c9fcf53e5b504f2d96afea02718862f3/iniconfig-2.1.0.tar.gz", hash = "sha256:3abbd2e30b36733fee78f9c7f7308f2d0050e88f0087fd25c2645f63c773e1c7", size = 4793, upload-time = "2025-03-19T20:09:59.721Z" }
wheels = [
    { url = "https://files.pythonhosted.org/packages/2c/e1/e6716421ea10d38022b952c159d5161ca1193197fb744506875fbb87ea7b/iniconfig-2.1.0-py3-none-any.whl", hash = "sha256:9deba5723312380e77435581c6bf4935c94cbfab9b1ed33ef8d238ea168eb760", size = 6050, upload-time = "2025-03-19T20:10:01.071Z" },
]

[[package]]
name = "numpy"
version = "2.3.4"
source = { registry = "https://pypi.org/simple" }
sdist = { url = "https://files.pythonhosted.org/packages/b5/f4/098d2270d52b41f1bd7db9fc288aaa0400cb48c2a3e2af6fa365d9720947/numpy-2.3.4.tar.gz", hash = "sha256:a7d018bfedb375a8d979ac758b120ba846a7fe764911a64465fd87b8729f4a6a", size = 20582187, upload-time = "2025-10-15T16:18:11.77Z" }
wheels = [
    { url = "https://files.pythonhosted.org/packages/72/71/ae6170143c115732470ae3a2d01512870dd16e0953f8a6dc89525696069b/numpy-2.3.4-cp314-cp314-macosx_10_15_x86_64.whl", hash = "sha256:81c3e6d8c97295a7360d367f9f8553973651b76907988bb6066376bc2252f24e", size = 20955580, upload-time = "2025-10-15T16:17:02.509Z" },
    { url = "https://files.pythonhosted.org/packages/af/39/4be9222ffd6ca8a30eda033d5f753276a9c3426c397bb137d8e19dedd200/numpy-2.3.4-cp314-cp314-macosx_11_0_arm64.whl", hash = "sha256:7c26b0b2bf58009ed1f38a641f3db4be8d960a417ca96d14e5b06df1506d41ff", size = 14188056, upload-time = "2025-10-15T16:17:04.873Z" },
    { url = "https://files.pythonhosted.org/packages/6c/3d/d85f6700d0a4aa4f9491030e1021c2b2b7421b2b38d01acd16734a2bfdc7/numpy-2.3.4-cp314-cp314-macosx_14_0_arm64.whl", hash = "sha256:62b2198c438058a20b6704351b35a1d7db881812d8512d67a69c9de1f18ca05f", size = 5116555, upload-time = "2025-10-15T16:17:07.499Z" },
    { url = "https://files.pythonhosted.org/packages/bf/04/82c1467d86f47eee8a19a464c92f90a9bb68ccf14a54c5224d7031241ffb/numpy-2.3.4-cp314-cp314-macosx_14_0_x86_64.whl", hash = "sha256:9d729d60f8d53a7361707f4b68a9663c968882dd4f09e0d58c044c8bf5faee7b", size = 6643581, upload-time = "2025-10-15T16:17:09.774Z" },
    { url = "https://files.pythonhosted.org/packages/0c/d3/c79841741b837e293f48bd7db89d0ac7a4f2503b382b78a790ef1dc778a5/numpy-2.3.4-cp314-cp314-manylinux_2_27_aarch64.manylinux_2_28_aarch64.whl", hash = "sha256:bd0c630cf256b0a7fd9d0a11c9413b42fef5101219ce6ed5a09624f5a65392c7", size = 14299186, upload-time = "2025-10-15T16:17:11.937Z" },
    { url = "https://files.pythonhosted.org/packages/e8/7e/4a14a769741fbf237eec5a12a2cbc7a4c4e061852b6533bcb9e9a796c908/numpy-2.3.4-cp314-cp314-manylinux_2_27_x86_64.manylinux_2_28_x86_64.whl", hash = "sha256:d5e081bc082825f8b139f9e9fe42942cb4054524598aaeb177ff476cc76d09d2", size = 16638601, upload-time = "2025-10-15T16:17:14.391Z" },
    { url = "https://files.pythonhosted.org/packages/93/87/1c1de269f002ff0a41173fe01dcc925f4ecff59264cd8f96cf3b60d12c9b/numpy-2.3.4-cp314-cp314-musllinux_1_2_aarch64.whl", hash = "sha256:15fb27364ed84114438fff8aaf998c9e19adbeba08c0b75409f8c452a8692c52", size = 16074219, upload-time = "2025-10-15T16:17:17.058Z" },
    { url = "https://files.pythonhosted.org/packages/cd/28/18f72ee77408e40a76d691001ae599e712ca2a47ddd2c4f695b16c65f077/numpy-2.3.4-cp314-cp314-musllinux_1_2_x86_64.whl", hash = "sha256:85d9fb2d8cd998c84d13a79a09cc0c1091648e848e4e6249b0ccd7f6b487fa26", size = 18576702, upload-time = "2025-10-15T16:17:19.379Z" },
    { url = "https://files.pythonhosted.org/packages/c3/76/95650169b465ececa8cf4b2e8f6df255d4bf662775e797ade2025cc51ae6/numpy-2.3.4-cp314-cp314-win32.whl", hash = "sha256:e73d63fd04e3a9d6bc187f5455d81abfad05660b212c8804bf3b407e984cd2bc", size = 6337136, upload-time = "2025-10-15T16:17:22.886Z" },
    { url = "https://files.pythonhosted.org/packages/dc/89/a231a5c43ede5d6f77ba4a91e915a87dea4aeea76560ba4d2bf185c683f0/numpy-2.3.4-cp314-cp314-win_amd64.whl", hash = "sha256:3da3491cee49cf16157e70f607c03a217ea6647b1cea4819c4f48e53d49139b9", size = 12920542, upload-time = "2025-10-15T16:17:24.783Z" },
    { url = "https://files.pythonhosted.org/packages/0d/0c/ae9434a888f717c5ed2ff2393b3f344f0ff6f1c793519fa0c540461dc530/numpy-2.3.4-cp314-cp314-win_arm64.whl", hash = "sha256:6d9cd732068e8288dbe2717177320723ccec4fb064123f0caf9bbd90ab5be868", size = 10480213, upload-time = "2025-10-15T16:17:26.935Z" },
    { url = "https://files.pythonhosted.org/packages/83/4b/c4a5f0841f92536f6b9592694a5b5f68c9ab37b775ff342649eadf9055d3/numpy-2.3.4-cp314-cp314t-macosx_10_15_x86_64.whl", hash = "sha256:22758999b256b595cf0b1d102b133bb61866ba5ceecf15f759623b64c020c9ec", size = 21052280, upload-time = "2025-10-15T16:17:29.638Z" },
    { url = "https://files.pythonhosted.org/packages/3e/80/90308845fc93b984d2cc96d83e2324ce8ad1fd6efea81b324cba4b673854/numpy-2.3.4-cp314-cp314t-macosx_11_0_arm64.whl", hash = "sha256:9cb177bc55b010b19798dc5497d540dea67fd13a8d9e882b2dae71de0cf09eb3", size = 14302930, upload-time = "2025-10-15T16:17:32.384Z" },
    { url = "https://files.pythonhosted.org/packages/3d/4e/07439f22f2a3b247cec4d63a713faae55e1141a36e77fb212881f7cda3fb/numpy-2.3.4-cp314-cp314t-macosx_14_0_arm64.whl", hash = "sha256:0f2bcc76f1e05e5ab58893407c63d90b2029908fa41f9f1cc51eecce936c3365", size = 5231504, upload-time = "2025-10-15T16:17:34.515Z" },
    { url = "https://files.pythonhosted.org/packages/ab/de/1e11f2547e2fe3d00482b19721855348b94ada8359aef5d40dd57bfae9df/numpy-2.3.4-cp314-cp314t-macosx_14_0_x86_64.whl", hash = "sha256:8dc20bde86802df2ed8397a08d793da0ad7a5fd4ea3ac85d757bf5dd4ad7c252", size = 6739405, upload-time = "2025-10-15T16:17:36.128Z" },
    { url = "https://files.pythonhosted.org/packages/3b/40/8cd57393a26cebe2e923005db5134a946c62fa56a1087dc7c478f3e30837/numpy-2.3.4-cp314-cp314t-manylinux_2_27_aarch64.manylinux_2_28_aarch64.whl", hash = "sha256:5e199c087e2aa71c8f9ce1cb7a8e10677dc12457e7cc1be4798632da37c3e86e", size = 14354866, upload-time = "2025-10-15T16:17:38.884Z" },
    { url = "https://files.pythonhosted.org/packages/93/39/5b3510f023f96874ee6fea2e40dfa99313a00bf3ab779f3c92978f34aace/numpy-2.3.4-cp314-cp314t-manylinux_2_27_x86_64.manylinux_2_28_x86_64.whl", hash = "sha256:85597b2d25ddf655495e2363fe044b0ae999b75bc4d630dc0d886484b03a5eb0", size = 16703296, upload-time = "2025-10-15T16:17:41.564Z" },
    { url = "https://files.pythonhosted.org/packages/41/0d/19bb163617c8045209c1996c4e427bccbc4bbff1e2c711f39203c8ddbb4a/numpy-2.3.4-cp314-cp314t-musllinux_1_2_aarch64.whl", hash = "sha256:04a69abe45b49c5955923cf2c407843d1c85013b424ae8a560bba16c92fe44a0", size = 16136046, upload-time = "2025-10-15T16:17:43.901Z" },
    { url = "https://files.pythonhosted.org/packages/e2/c1/6dba12fdf68b02a21ac411c9df19afa66bed2540f467150ca64d246b463d/numpy-2.3.4-cp314-cp314t-musllinux_1_2_x86_64.whl", hash = "sha256:e1708fac43ef8b419c975926ce1eaf793b0c13b7356cfab6ab0dc34c0a02ac0f", size = 18652691, upload-time = "2025-10-15T16:17:46.247Z" },
    { url = "https://files.pythonhosted.org/packages/f8/73/f85056701dbbbb910c51d846c58d29fd46b30eecd2b6ba760fc8b8a1641b/numpy-2.3.4-cp314-cp314t-win32.whl", hash = "sha256:863e3b5f4d9915aaf1b8ec79ae560ad21f0b8d5e3adc31e73126491bb86dee1d", size = 6485782, upload-time = "2025-10-15T16:17:48.872Z" },
    { url = "https://files.pythonhosted.org/packages/17/90/28fa6f9865181cb817c2471ee65678afa8a7e2a1fb16141473d5fa6bacc3/numpy-2.3.4-cp314-cp314t-win_amd64.whl", hash = "sha256:962064de37b9aef801d33bc579690f8bfe6c5e70e29b61783f60bcba838a14d6", size = 13113301, upload-time = "2025-10-15T16:17:50.938Z" },
    { url = "https://files.pythonhosted.org/packages/54/23/08c002201a8e7e1f9afba93b97deceb813252d9cfd0d3351caed123dcf97/numpy-2.3.4-cp314-cp314t-win_arm64.whl", hash = "sha256:8b5a9a39c45d852b62693d9b3f3e0fe052541f804296ff401a72a1b60edafb29", size = 10547532, upload-time = "2025-10-15T16:17:53.48Z" },
]

[[package]]
name = "packaging"
version = "25.0"
source = { registry = "https://pypi.org/simple" }
sdist = { url = "https://files.pythonhosted.org/packages/a1/d4/1fc4078c65507b51b96ca8f8c3ba19e6a61c8253c72794544580a7b6c24d/packaging-25.0.tar.gz", hash = "sha256:d443872c98d677bf60f6a1f2f8c1cb748e8fe762d2bf9d3148b5599295b0fc4f", size = 165727, upload-time = "2025-04-19T11:48:59.673Z" }
wheels = [
    { url = "https://files.pythonhosted.org/packages/20/12/38679034af332785aac8774540895e234f4d07f7545804097de4b666afd8/packaging-25.0-py3-none-any.whl", hash = "sha256:29572ef2b1f17581046b3a2227d5c611fb25ec70ca1ba8554b24b0e69331a484", size = 66469, upload-time = "2025-04-19T11:48:57.875Z" },
]

[[package]]
name = "pandas"
version = "3.0.5"
source = { registry = "https://pypi.org/simple" }
dependencies = [
    { name = "numpy" },
    { name = "python-dateutil" },
    { name = "tzdata", marker = "sys_platform == 'emscripten' or sys_platform == 'win32'" },
]
sdist = { url = "https://files.pythonhosted.org/packages/be/4f/5f3422a2afec5ffc46308b79e53291365a93748b498ac2e58bead0197916/pandas-3.0.5.tar.gz", hash = "sha256:dca3734d6ab7c906e6730f0788b0a1dbb9f2467731f9711f77995c8e9d62d712", size = 4658219, upload-time = "2026-07-22T22:19:28.819Z" }
wheels = [
    { url = "https://files.pythonhosted.org/packages/51/2f/cf6aae281264f4463f0875bcbb15fd2bb6d291cc535187dad1732475e4a9/pandas-3.0.5-cp314-cp314-macosx_10_15_x86_64.whl", hash = "sha256:2f264fc46911cc8131a7322a16199bbf8e353d27c10bb211f5bd0c814324dc36", size = 10390034, upload-time = "2026-07-22T22:18:49.818Z" },
    { url = "https://files.pythonhosted.org/packages/06/ec/5189518c7a7659c4bdcc6b1eb32c46c6f3c86b0661ffd84143d1112c7732/pandas-3.0.5-cp314-cp314-macosx_11_0_arm64.whl", hash = "sha256:53730687fcd161883b24e10411c06d6a4c0f2275d2faf3bb2bc25deb4ba8007c", size = 9980065, upload-time = "2026-07-22T22:18:52.249Z" },
    { url = "https://files.pythonhosted.org/packages/ea/f1/598503ce8d7e3c35601e0747ba288c7864baae66380725bc12f13f884dfe/pandas-3.0.5-cp314-cp314-manylinux_2_24_aarch64.manylinux_2_28_aarch64.whl", hash = "sha256:960d3ebcf249f75206899fcd2c6de53f736b7265759ced0d3e559df0b8b709b0", size = 10545532, upload-time = "2026-07-22T22:18:54.813Z" },
    { url = "https://files.pythonhosted.org/packages/fa/de/ceae2adf7034e07e9910299fe412e1819c4f0dd520700a888bcb03625448/pandas-3.0.5-cp314-cp314-manylinux_2_24_x86_64.manylinux_2_28_x86_64.whl", hash = "sha256:9e94c2c5ca43bd3ca32bf64d32308887b65e5f9bfd8023ea52755107a999f93b", size = 10963120, upload-time = "2026-07-22T22:18:57.42Z" },
    { url = "https://files.pythonhosted.org/packages/66/25/86e0f4451874eb79e688deeebe3c451fec4557f8952005818d800ee8ac7e/pandas-3.0.5-cp314-cp314-musllinux_1_2_aarch64.whl", hash = "sha256:e819dd5f62966b481a8cb649d3299ebd886a1ea91ed5a99bf7ce77c98d18ab94", size = 11563178, upload-time = "2026-07-22T22:18:59.729Z" },
    { url = "https://files.pythonhosted.org/packages/f3/45/8643daa3b4147e433adfcccefdd0380d3aad79d86b15d8999730fe1944d5/pandas-3.0.5-cp314-cp314-musllinux_1_2_x86_64.whl", hash = "sha256:3c5ed2e7c06e91d340dfd091d7934f9bc82e4a36b95f647f090b9d1c9ac649da", size = 12028708, upload-time = "2026-07-22T22:19:02.164Z" },
    { url = "https://files.pythonhosted.org/packages/96/58/ad979ae617615576e8aafd569c9d4b62f1191d896e38f51d66ba06f3b89a/pandas-3.0.5-cp314-cp314-win_amd64.whl", hash = "sha256:cd8f7c6dc98527058ee6264219343f5392240a6f1bfa654fc5d79023020d0c92", size = 9951806, upload-time = "2026-07-22T22:19:04.596Z" },
    { url = "https://files.pythonhosted.org/packages/69/32/7ac03886b304049a9d2625ee88f59af760d8a93bd30ed9239bce7b9869a8/pandas-3.0.5-cp314-cp314-win_arm64.whl", hash = "sha256:5183427f5a8156d480f30333777bc978be93650a49a7c01db26adffe95b31e85", size = 9238297, upload-time = "2026-07-22T22:19:06.836Z" },
    { url = "https://files.pythonhosted.org/packages/be/ed/1d1f2ee5547d5167face2376d11c8b2a4c7bfff5a416ee7a9046891fab1e/pandas-3.0.5-cp314-cp314t-macosx_10_15_x86_64.whl", hash = "sha256:303da736987d481074ca720ada325f8bd80c64ebc2d45ed79b29df3aaa4a26ca", size = 10849690, upload-time = "2026-07-22T22:19:09.391Z" },
    { url = "https://files.pythonhosted.org/packages/57/55/17e17152e98fbb0c4b1e562bc65387a2f20a80db0f4a86bf8d3a0e4248d4/pandas-3.0.5-cp314-cp314t-macosx_11_0_arm64.whl", hash = "sha256:3b2801bbb049d0136f6c213eae02b5fca969384fc2064dd728d8620552aa49da", size = 10509945, upload-time = "2026-07-22T22:19:11.773Z" },
    { url = "https://files.pythonhosted.org/packages/88/90/817d44dbf83facf9556f33576d9af0a241981e7bb5c00606c0bcb5df8dda/pandas-3.0.5-cp314-cp314t-manylinux_2_24_aarch64.manylinux_2_28_aarch64.whl", hash = "sha256:cce3a9d11d2b1f82c69a27ec1f4948a170e2c403c4bbfa8cca62e3fdebe2ef3a", size = 10392197, upload-time = "2026-07-22T22:19:14.024Z" },
    { url = "https://files.pythonhosted.org/packages/f1/da/889f00c0a6f5aa1545add70abbf01502dff87ab577adb855bd631c54d2f2/pandas-3.0.5-cp314-cp314t-manylinux_2_24_x86_64.manylinux_2_28_x86_64.whl", hash = "sha256:ef01af4d8dc6cd2c8d6c7736f149574ef93fe043811eeb5e445f2647154b5040", size = 10862726, upload-time = "2026-07-22T22:19:16.351Z" },
    { url = "https://files.pythonhosted.org/packages/bc/98/f1e934fb3c98fce859c6147c6785816c7b5b9ab7821115c5d8c4de9842b9/pandas-3.0.5-cp314-cp314t-musllinux_1_2_aarch64.whl", hash = "sha256:e2759e890db96dfcffdbd9b86c3c2cb6afaf58def482820317e06163ec1066cd", size = 11414864, upload-time = "2026-07-22T22:19:18.981Z" },
    { url = "https://files.pythonhosted.org/packages/fe/be/d448af7d657d82e1888dd8551f79c6d6fb161080b5b9752d84d910ec2319/pandas-3.0.5-cp314-cp314t-musllinux_1_2_x86_64.whl", hash = "sha256:b58b1b39d46a5862e3fb18f50d1a201398619d16a0f9f73f57eea5583cf0e63c", size = 11925105, upload-time = "2026-07-22T22:19:21.515Z" },
    { url = "https://files.pythonhosted.org/packages/29/c1/ccb4238212c8c4f496c584f3044d94e0c030ed8e1d68999db46c91c2242f/pandas-3.0.5-cp314-cp314t-win_amd64.whl", hash = "sha256:1c10461f6eeb35d8f05b6184c65c8b9991663b66c46b1d559b682cb34ae7c6ea", size = 10387612, upload-time = "2026-07-22T22:19:24.257Z" },
    { url = "https://files.pythonhosted.org/packages/d2/cf/6a51b2c38980e04c279fd2fa908a1b0982064e860444acfca4ec2e2c8359/pandas-3.0.5-cp314-cp314t-win_arm64.whl", hash = "sha256:3c5015fd1730fbf883647e88068176c839c102cea883ba1769a6f4593bfc1f8c", size = 9509776, upload-time = "2026-07-22T22:19:26.694Z" },
]

[[package]]
name = "pluggy"
version = "1.6.0"
source = { registry = "https://pypi.org/simple" }
sdist = { url = "https://files.pythonhosted.org/packages/f9/e2/3e91f31a7d2b083fe6ef3fa267035b518369d9511ffab804f839851d2779/pluggy-1.6.0.tar.gz", hash = "sha256:7dcc130b76258d33b90f61b658791dede3486c3e6bfb003ee5c9bfb396dd22f3", size = 69412, upload-time = "2025-05-15T12:30:07.975Z" }
wheels = [
    { url = "https://files.pythonhosted.org/packages/54/20/4d324d65cc6d9205fabedc306948156824eb9f0ee1633355a8f7ec5c66bf/pluggy-1.6.0-py3-none-any.whl", hash = "sha256:e920276dd6813095e9377c0bc5566d94c932c33b27a3e3945d8389c374dd4746", size = 20538, upload-time = "2025-05-15T12:30:06.134Z" },
]

[[package]]
name = "pulp"
version = "3.3.2"
source = { registry = "https://pypi.org/simple" }
sdist = { url = "https://files.pythonhosted.org/packages/4e/70/69be07a67621ad804d6cf347965eb4e0d7786a97330d99c31d735aaa6c5a/pulp-3.3.2.tar.gz", hash = "sha256:d0904700c207ac11e25e3b1213b70eae1d6fb25faa719d75f3f15054901258c0", size = 16305346, upload-time = "2026-05-25T09:41:26.207Z" }
wheels = [
    { url = "https://files.pythonhosted.org/packages/dd/6e/d674f1dde91c71e2ac19e5e5cf1ee6d5845e3aefecd9c39ed9c4b0c9a696/pulp-3.3.2-py3-none-any.whl", hash = "sha256:631b166f72086971a9597f7a0233ababa99bb8d50a01cd543f7758be5a9f86c0", size = 16391742, upload-time = "2026-05-25T09:41:22.2Z" },
]

[[package]]
name = "pydantic"
version = "2.14.0a1"
source = { registry = "https://pypi.org/simple" }
dependencies = [
    { name = "annotated-types" },
    { name = "pydantic-core" },
    { name = "typing-extensions" },
    { name = "typing-inspection" },
]
sdist = { url = "https://files.pythonhosted.org/packages/cb/71/0ae6d4e0a84faf0cd050033416509c44a19dc6dbec5bfdd3e1318cb1feb4/pydantic-2.14.0a1.tar.gz", hash = "sha256:2c3a5627d48f59725564c41b582328a29fa8d9b1108128ef6710463a0136d4fd", size = 844232, upload-time = "2026-05-22T13:23:43.109Z" }
wheels = [
    { url = "https://files.pythonhosted.org/packages/91/4e/15d81754895da3f256273432da60fcb7c885177fefaf495c5b4364fadca5/pydantic-2.14.0a1-py3-none-any.whl", hash = "sha256:61a1ea8d65df95b681c1fab9cd7d01b2472837f798df53dc6d0f41f0c217b061", size = 470439, upload-time = "2026-05-22T13:23:40.57Z" },
]

[[package]]
name = "pydantic-core"
version = "2.47.0"
source = { registry = "https://pypi.org/simple" }
dependencies = [
    { name = "typing-extensions" },
]
sdist = { url = "https://files.pythonhosted.org/packages/a7/74/319859f70c733f341df03823c8ca27ce9003faaac3ffa3110f3af1c8641a/pydantic_core-2.47.0.tar.gz", hash = "sha256:422c1797a7864b2a9a996435aba92fe571fb80190f67a31edbc1ac040c7b51fe", size = 476601, upload-time = "2026-05-22T13:19:00.229Z" }
wheels = [
    { url = "https://files.pythonhosted.org/packages/ef/46/a4675c783822e229bf04e290ae28cf5a057b00a46039498743b066e0fefd/pydantic_core-2.47.0-cp314-cp314-macosx_10_12_x86_64.whl", hash = "sha256:6e37a6974fbd8fa7cae12285a76970d50b3689ffd6ed7c7fdd176ba81dd22d0e", size = 2104537, upload-time = "2026-05-22T13:18:05.312Z" },
    { url = "https://files.pythonhosted.org/packages/67/bb/f6d6d1dd8362d616b227b55af8bc2d1b7d4ea842facb7c50a82298ba3b9d/pydantic_core-2.47.0-cp314-cp314-macosx_11_0_arm64.whl", hash = "sha256:2433b8524785cc117e602233bc574879bc8d87f09523edeec51665d5c46cf42d", size = 1951581, upload-time = "2026-05-22T13:18:14.244Z" },
    { url = "https://files.pythonhosted.org/packages/3f/ae/7d01ed8658ccf8beae8a3fcf2cd023c3ba0ab0b19d3f456845a709cece94/pydantic_core-2.47.0-cp314-cp314-manylinux_2_17_aarch64.manylinux2014_aarch64.whl", hash = "sha256:f8f9f2be064c8bf1189f46f7062fd42765d94f59cfb7db7ef8db19563192110a", size = 1978461, upload-time = "2026-05-22T13:19:15.829Z" },
    { url = "https://files.pythonhosted.org/packages/80/e5/dd38ccbd1e68f1c3fd7f8b413a8b32db11bd16d5999c3dc3aed4e54290df/pydantic_core-2.47.0-cp314-cp314-manylinux_2_17_armv7l.manylinux2014_armv7l.whl", hash = "sha256:1f0a9659a2eb161573418e3138f616101ba21bbd2ff04916dca7b6712155e015", size = 2049444, upload-time = "2026-05-22T13:19:06.258Z" },
    { url = "https://files.pythonhosted.org/packages/7d/63/0cb998f3f4ea4255ab6d891e2537d4566cd31630df0d406ce45b00306729/pydantic_core-2.47.0-cp314-cp314-manylinux_2_17_ppc64le.manylinux2014_ppc64le.whl", hash = "sha256:2995074b99242aa28991e0120a3c881babc139e08750a05b7ea7d140644e091d", size = 2231772, upload-time = "2026-05-22T13:20:05.22Z" },
    { url = "https://files.pythonhosted.org/packages/3f/20/2cacf5c4a1bdda1356351df38f343c6cf13af6194e6e0ee0f7967395793f/pydantic_core-2.47.0-cp314-cp314-manylinux_2_17_s390x.manylinux2014_s390x.whl", hash = "sha256:c5b224dc04c3ff9b08c24419464eb7f6ad7a1049e12284a00bf80df82bd15fdb", size = 2305322, upload-time = "2026-05-22T13:20:14.552Z" },
    { url = "https://files.pythonhosted.org/packages/e3/8f/b7e09086bd48b1ef3f74227ed98907496924a622c7f9315cf661946233c6/pydantic_core-2.47.0-cp314-cp314-manylinux_2_17_x86_64.manylinux2014_x86_64.whl", hash = "sha256:264361b7236d4374fef6342908f87d084a0d58a2f8d0811e99f714309cb0ba7e", size = 2097748, upload-time = "2026-05-22T13:20:21.248Z" },
    { url = "https://files.pythonhosted.org/packages/bd/27/2927049e93f6fbbaa838b2bb656dbd63c6d6fcaab9909d632fd93573ebd9/pydantic_core-2.47.0-cp314-cp314-manylinux_2_31_riscv64.whl", hash = "sha256:53368beaf693f6302a6e33bdefe950857534a04d282811421bd20176d0fb5636", size = 2122971, upload-time = "2026-05-22T13:19:37.977Z" },
    { url = "https://files.pythonhosted.org/packages/f2/3b/80b58a0c7f4339f024ad5c5b6316bef895536abf75c45dc85f0c83ae1a92/pydantic_core-2.47.0-cp314-cp314-manylinux_2_5_i686.manylinux1_i686.whl", hash = "sha256:5d2177b44ba7d9d86850f865f362feeaac6a2ed8517a9b505b97ff0b7fdbd7dd", size = 2181287, upload-time = "2026-05-22T13:18:20.601Z" },
    { url = "https://files.pythonhosted.org/packages/5d/0a/dfcb9575603aaf113d2cae1fb622570046a210276eba2267764b3f83f4f2/pydantic_core-2.47.0-cp314-cp314-musllinux_1_1_aarch64.whl", hash = "sha256:fb57a6b538ec7a01b937986bc093aec530fb056135b6bc9cfdd0bf8460c25bc2", size = 2177842, upload-time = "2026-05-22T13:17:55.981Z" },
    { url = "https://files.pythonhosted.org/packages/57/c2/31a198c8180b417d18410e7640c505b39c51ac291aca34f71ac37093f4c4/pydantic_core-2.47.0-cp314-cp314-musllinux_1_1_armv7l.whl", hash = "sha256:18c9c7c3a18e9bdbf1215d913f6bd00e17595dc92949817935cb87a3cf5f1697", size = 2321802, upload-time = "2026-05-22T13:17:54.495Z" },
    { url = "https://files.pythonhosted.org/packages/11/2d/052d872b61f88d2f71b3d881c08abfbe33cb9d64bd988712bb4fb973001c/pydantic_core-2.47.0-cp314-cp314-musllinux_1_1_x86_64.whl", hash = "sha256:2f72a382886ca85bb1247303b9134cf9978c9d454de62e710a1ebcd9d2131927", size = 2363870, upload-time = "2026-05-22T13:18:45.053Z" },
    { url = "https://files.pythonhosted.org/packages/be/60/c8c985d4081dafaa88fe6ac6a41ebe2b82d289c391b2bcbd3508f585e7a9/pydantic_core-2.47.0-cp314-cp314-pyemscripten_2026_0_wasm32.whl", hash = "sha256:cdf4dc2cdd0eacad1bd81c4d25422b4c25b206acae095d2d64e5d5cb7facc6b3", size = 1369335, upload-time = "2026-05-22T13:17:51.719Z" },
    { url = "https://files.pythonhosted.org/packages/42/70/30dfcc18dc5552f7235ae2ffd7b699a1ba0d38ebfcdb97f371c792d61601/pydantic_core-2.47.0-cp314-cp314-win32.whl", hash = "sha256:1e859dd5e06e9807080e14995db131649a77c61131cc464a7fe492a69ce82488", size = 1952107, upload-time = "2026-05-22T13:20:24.07Z" },
    { url = "https://files.pythonhosted.org/packages/fa/49/f5c517ba99b9e1036ead16cedd0fc189dbcbf900fb0b85b746b6a0b9b389/pydantic_core-2.47.0-cp314-cp314-win_amd64.whl", hash = "sha256:234ecade0e358caa1ea516c218b3f61e61e30532cad1a8bb12f2487325838548", size = 2071388, upload-time = "2026-05-22T13:18:46.74Z" },
    { url = "https://files.pythonhosted.org/packages/eb/6c/6b95e00ed7a3c7f78cb8544bc34cb29412c05512af507fc4466912576d50/pydantic_core-2.47.0-cp314-cp314-win_arm64.whl", hash = "sha256:58158d0111e86893bc35aacabe509f951ed303cddf8cdba43533190bde317914", size = 2026046, upload-time = "2026-05-22T13:18:22.112Z" },
    { url = "https://files.pythonhosted.org/packages/22/2c/fa67f96f381ba3c83e8cd75a6eb3c538e123d8d02e19d80383bff01ffda0/pydantic_core-2.47.0-cp314-cp314t-macosx_10_12_x86_64.whl", hash = "sha256:24017fd3befd4d7cc4a8c71f4a1e9a44d29fdc91723c5446b0e795ab808adee7", size = 2102407, upload-time = "2026-05-22T13:17:46.882Z" },
    { url = "https://files.pythonhosted.org/packages/9b/e8/99abe6c33db3dda235a2095eae5fdd03266857abd9be1c50ed97a59587c3/pydantic_core-2.47.0-cp314-cp314t-macosx_11_0_arm64.whl", hash = "sha256:dfa0820888cc4549fcce7e6bd8affa7d75198d885ccd0bb0760def4bb8461862", size = 1931963, upload-time = "2026-05-22T13:18:23.776Z" },
    { url = "https://files.pythonhosted.org/packages/5c/dd/96d1884f65737f793e64b6b8745ee793e3cb4735e086ead0a40e5349294e/pydantic_core-2.47.0-cp314-cp314t-manylinux_2_17_aarch64.manylinux2014_aarch64.whl", hash = "sha256:a1d507f331756f7066cde7c9f35ed78fa78223a54369dbc8a34d6da7a5074fa1", size = 1973492, upload-time = "2026-05-22T13:17:22.128Z" },
    { url = "https://files.pythonhosted.org/packages/07/8c/0504f091c75b229cd07d61b45464d7c5291c3ecf2e7d847f215fe81cf5e5/pydantic_core-2.47.0-cp314-cp314t-manylinux_2_17_armv7l.manylinux2014_armv7l.whl", hash = "sha256:5c4a885fb50c05903bc703a00830616e680304fdcdd90fc9535a52e72debe712", size = 2035548, upload-time = "2026-05-22T13:17:24.958Z" },
    { url = "https://files.pythonhosted.org/packages/0f/bf/e9f69c55ef6c945d29e4afb306f62a15354bfd09f1ee25d9aecd4c6cbb82/pydantic_core-2.47.0-cp314-cp314t-manylinux_2_17_ppc64le.manylinux2014_ppc64le.whl", hash = "sha256:7b107cbd764bf68f12a57c7aa5846d868bc7463490a1ac2d0f19bffef624c5a9", size = 2238356, upload-time = "2026-05-22T13:19:10.309Z" },
    { url = "https://files.pythonhosted.org/packages/b3/1d/dfbd214487033093f5946c1fd5915ae5dc6b278efe764397b5e2ef8092a8/pydantic_core-2.47.0-cp314-cp314t-manylinux_2_17_s390x.manylinux2014_s390x.whl", hash = "sha256:0b5f46412c8226d0c8f1f423c324c75afe342e4b854836933579fb484f68598c", size = 2284799, upload-time = "2026-05-22T13:17:27.959Z" },
    { url = "https://files.pythonhosted.org/packages/f1/ec/f80488fa26a6b27bd0d1267f35b0fce3bfeec23ca97021085a94ccd3adc3/pydantic_core-2.47.0-cp314-cp314t-manylinux_2_17_x86_64.manylinux2014_x86_64.whl", hash = "sha256:90cbf7e35d597503cbdb5cd85409cbb75f377290bc7e8e37cc5dfe4f5cc66cf8", size = 2107895, upload-time = "2026-05-22T13:18:27.282Z" },
    { url = "https://files.pythonhosted.org/packages/9b/1d/67ac210745f63a982b145d8f281dc76bd347d98052792f087224a178da54/pydantic_core-2.47.0-cp314-cp314t-manylinux_2_31_riscv64.whl", hash = "sha256:04ee7ba7172cb4484af51b2890f19069d35773698abc8c6ebb651f52fbf41134", size = 2102797, upload-time = "2026-05-22T13:19:40.139Z" },
    { url = "https://files.pythonhosted.org/packages/6c/75/f3b9bd4d88fcaad9a5abf2ec6969f37a70e34f40a5f8d2d78077f168e83d/pydantic_core-2.47.0-cp314-cp314t-manylinux_2_5_i686.manylinux1_i686.whl", hash = "sha256:2a7acb3e120ddba94372b8146e62ea3a0bce203180e34641c817c87f995c91e0", size = 2160123, upload-time = "2026-05-22T13:19:22.354Z" },
    { url = "https://files.pythonhosted.org/packages/13/1b/e94ac13bd17c341e86c4b67deb47b63718208fe413034fdb01e7a4bf1dd8/pydantic_core-2.47.0-cp314-cp314t-musllinux_1_1_aarch64.whl", hash = "sha256:1a2f7ceb58013d167d8c96f10ec9b3a137018c819ba356f68ff1cb74302fd22e", size = 2164386, upload-time = "2026-05-22T13:18:48.372Z" },
    { url = "https://files.pythonhosted.org/packages/36/e5/862ff195402f5b08db9ad4d9ebe7cbed993f51528aab7edcb62531442556/pydantic_core-2.47.0-cp314-cp314t-musllinux_1_1_armv7l.whl", hash = "sha256:482b097637fec5037eb13fe9f9d5fe47e568a5b451d686bc2b854076cc0b50ca", size = 2303767, upload-time = "2026-05-22T13:18:50.211Z" },
    { url = "https://files.pythonhosted.org/packages/c2/05/c8ebbb97cf44686fc9cc64a6bb86ac72a8871426a9f61417e395d77c4894/pydantic_core-2.47.0-cp314-cp314t-musllinux_1_1_x86_64.whl", hash = "sha256:a8c7f5fad73eb404f4b84c75f3d9d3865b748ded248b7366341db6e516fc502b", size = 2361148, upload-time = "2026-05-22T13:18:52.631Z" },
    { url = "https://files.pythonhosted.org/packages/c5/8b/4695ec6ce81eda7cc822383de993c5b2c289cfc84d3f032a30c55eb238fc/pydantic_core-2.47.0-cp314-cp314t-win32.whl", hash = "sha256:f343c39928097175acf2f7d0cba5c00b0f62265d88a173a4ce264266ac849bd9", size = 1939588, upload-time = "2026-05-22T13:19:42.151Z" },
    { url = "https://files.pythonhosted.org/packages/96/4d/bc2e188ab648b3ab284e80a0340c5d5b9723c22572c6e36ba39eb300e718/pydantic_core-2.47.0-cp314-cp314t-win_amd64.whl", hash = "sha256:52d40e074da44e42b2425aedebd513e405a31807036ef597175117a9b01743a6", size = 2049697, upload-time = "2026-05-22T13:18:08.244Z" },
    { url = "https://files.pythonhosted.org/packages/6f/46/ca1e6813e029993e57340c6a37740450c51919e3809472f79060f4d64cf0/pydantic_core-2.47.0-cp314-cp314t-win_arm64.whl", hash = "sha256:25cac08c9735e61e5c0b9f7a85c438661fc0e9da226afdfa984c3da6c5942a5a", size = 2025906, upload-time = "2026-05-22T13:17:50.322Z" },
]

[[package]]
name = "pygments"
version = "2.19.2"
source = { registry = "https://pypi.org/simple" }
sdist = { url = "https://files.pythonhosted.org/packages/b0/77/a5b8c569bf593b0140bde72ea885a803b82086995367bf2037de0159d924/pygments-2.19.2.tar.gz", hash = "sha256:636cb2477cec7f8952536970bc533bc43743542f70392ae026374600add5b887", size = 4968631, upload-time = "2025-06-21T13:39:12.283Z" }
wheels = [
    { url = "https://files.pythonhosted.org/packages/c7/21/705964c7812476f378728bdf590ca4b771ec72385c533964653c68e86bdc/pygments-2.19.2-py3-none-any.whl", hash = "sha256:86540386c03d588bb81d44bc3928634ff26449851e99741617ecb9037ee5ec0b", size = 1225217, upload-time = "2025-06-21T13:39:07.939Z" },
]

[[package]]
name = "pytest"
version = "9.1.1"
source = { registry = "https://pypi.org/simple" }
dependencies = [
    { name = "colorama", marker = "sys_platform == 'win32'" },
    { name = "iniconfig" },
    { name = "packaging" },
    { name = "pluggy" },
    { name = "pygments" },
]
sdist = { url = "https://files.pythonhosted.org/packages/e4/47/b9efed96c114afcfa3c9d3fe98a76a1d14c74a9e266d397cf6eb64be5e01/pytest-9.1.1.tar.gz", hash = "sha256:1088fbde8f2b49d95a549a195707afa7a76a3ce9bcadc26b6d71f0ffda5fe313", size = 1636369, upload-time = "2026-06-19T10:58:32.857Z" }
wheels = [
    { url = "https://files.pythonhosted.org/packages/24/25/1de2678b631f5a49215c6c96fff41ba892b0a34df68d6d80292b1b48aa7f/pytest-9.1.1-py3-none-any.whl", hash = "sha256:37a86b45efb9a47a61a36449063e8e18d0cab3161329fc099eb21783169c4f0c", size = 386536, upload-time = "2026-06-19T10:58:31.347Z" },
]

[[package]]
name = "python-dateutil"
version = "2.9.0.post0"
source = { registry = "https://pypi.org/simple" }
dependencies = [
    { name = "six" },
]
sdist = { url = "https://files.pythonhosted.org/packages/66/c0/0c8b6ad9f17a802ee498c46e004a0eb49bc148f2fd230864601a86dcf6db/python-dateutil-2.9.0.post0.tar.gz", hash = "sha256:37dd54208da7e1cd875388217d5e00ebd4179249f90fb72437e91a35459a0ad3", size = 342432, upload-time = "2024-03-01T18:36:20.211Z" }
wheels = [
    { url = "https://files.pythonhosted.org/packages/ec/57/56b9bcc3c9c6a792fcbaf139543cee77261f3651ca9da0c93f5c1221264b/python_dateutil-2.9.0.post0-py2.py3-none-any.whl", hash = "sha256:a8b2bc7bffae282281c8140a97d3aa9c14da0b136dfe83f850eea9a5f7470427", size = 229892, upload-time = "2024-03-01T18:36:18.57Z" },
]

[[package]]
name = "ruff"
version = "0.16.0"
source = { registry = "https://pypi.org/simple" }
sdist = { url = "https://files.pythonhosted.org/packages/4d/94/1e5e4967626faf12fa56999cd6222dff6992ceb086ad7945756baf70c7a7/ruff-0.16.0.tar.gz", hash = "sha256:e460aafd5495ec89efaa6ced2e4a9a581116451e1c88b9d37ef497e0f8e93982", size = 4790557, upload-time = "2026-07-23T19:11:30.981Z" }
wheels = [
    { url = "https://files.pythonhosted.org/packages/4b/81/1c8818fee7ce1a04cd7d1b3172e0a8f8e4f1dc4feb7fc390e16daa8af323/ruff-0.16.0-py3-none-linux_armv6l.whl", hash = "sha256:e5115729eb08c585e5121978ba5d5b60caeae394ce21b9fb5e6cd33a1c6c9b1e", size = 10754633, upload-time = "2026-07-23T19:10:46.415Z" },
    { url = "https://files.pythonhosted.org/packages/23/df/beaf59c09d68db84304d555f188b276a77132a5d5b0b67a5c762aa143628/ruff-0.16.0-py3-none-macosx_10_12_x86_64.whl", hash = "sha256:3c954b1d580bfa035b41654f7858cc7e71d5fc3ac5b723dd62bd9133830ed522", size = 10969164, upload-time = "2026-07-23T19:10:50.271Z" },
    { url = "https://files.pythonhosted.org/packages/42/ce/741cd197496a1abbf51352710fd15ed995d2a2be87189c1da26a450d6e83/ruff-0.16.0-py3-none-macosx_11_0_arm64.whl", hash = "sha256:e01c21d10eb1b29f47b7454e1f4056db9a3f0260c646aa88457c610291db9f81", size = 10488846, upload-time = "2026-07-23T19:10:52.639Z" },
    { url = "https://files.pythonhosted.org/packages/52/2a/a2db8e88cade358f5cdcb05674a917751074109315d014eb6352d9a893f7/ruff-0.16.0-py3-none-manylinux_2_17_aarch64.manylinux2014_aarch64.whl", hash = "sha256:6e364e5ed22ed8dc05082fd78e35308618260907ac2d3c1d637b2e682415b6c9", size = 10889729, upload-time = "2026-07-23T19:10:54.89Z" },
    { url = "https://files.pythonhosted.org/packages/42/65/62a771694ebd63029dc953e27dbad40e1588bd4860ff9fe881018fddaa49/ruff-0.16.0-py3-none-manylinux_2_17_armv7l.manylinux2014_armv7l.whl", hash = "sha256:d327b8fc113a1d4421a04f3839d3752057c8dd1ee320223a6f3f52d04ada462a", size = 10568275, upload-time = "2026-07-23T19:10:56.993Z" },
    { url = "https://files.pythonhosted.org/packages/3f/e2/ced249fe8af5f086c5c58cc21cc3356d50f32f7401c5df87050c999620a7/ruff-0.16.0-py3-none-manylinux_2_17_i686.manylinux2014_i686.whl", hash = "sha256:a9b50c55e263103586b3dcf5f73d479eb8cb5fdb6098fec59a62891dab653717", size = 11385112, upload-time = "2026-07-23T19:10:59.615Z" },
    { url = "https://files.pythonhosted.org/packages/87/0b/05154977a8fd69eeb6c103271f55403bfd8711f5c0f8ed07489d95a504e7/ruff-0.16.0-py3-none-manylinux_2_17_ppc64le.manylinux2014_ppc64le.whl", hash = "sha256:0ff4a79ce3ec0172f3241943835de1c4cb4e2dcd07f0f8c2d02603dbbbee4b17", size = 12207008, upload-time = "2026-07-23T19:11:02.154Z" },
    { url = "https://files.pythonhosted.org/packages/fb/29/98225831a3a1eab0e02f4acc6ca6559a98611dcc68b6965ff4b7234627c1/ruff-0.16.0-py3-none-manylinux_2_17_s390x.manylinux2014_s390x.whl", hash = "sha256:e95c448fca1fb2a18372a9440926c5a6ee789639bb975c72e7ae6d0b04218ab4", size = 11650842, upload-time = "2026-07-23T19:11:04.557Z" },
    { url = "https://files.pythonhosted.org/packages/91/66/6bd3cf90500653d55dc0ffc8507aa8300bd49d0214b2e8cb4d3fef2943ba/ruff-0.16.0-py3-none-manylinux_2_17_x86_64.manylinux2014_x86_64.whl", hash = "sha256:4f11a8d11010301d0a398a2fdef67691feca7294da6aef55e2150e8fa2cd520b", size = 11400718, upload-time = "2026-07-23T19:11:09.233Z" },
    { url = "https://files.pythonhosted.org/packages/8e/a2/a54eb4eae05d66364050a5d3b8a9c5ef88196531b3cbe7109d873f87f819/ruff-0.16.0-py3-none-manylinux_2_31_riscv64.whl", hash = "sha256:48044c678e9cb8698246c99b14aaccfa6601dea7379eb48a6f8f73f7a6d86cd0", size = 11426177, upload-time = "2026-07-23T19:11:11.994Z" },
    { url = "https://files.pythonhosted.org/packages/1a/be/16e3eea4b2a478a496919f5e36f17c4559e54620bd3bbac5d6affa068006/ruff-0.16.0-py3-none-musllinux_1_2_aarch64.whl", hash = "sha256:7aa0959bad8eb8bef50340154fc9b58678dae31fa4293afa38b44b6e552c0213", size = 10856126, upload-time = "2026-07-23T19:11:14.221Z" },
    { url = "https://files.pythonhosted.org/packages/a2/84/252eb8b868a16eec7257c14f504f77537e734b2d69c762e639e588e304a3/ruff-0.16.0-py3-none-musllinux_1_2_armv7l.whl", hash = "sha256:28ea2b7df8ebf7f9da6b7d47b230ab48f387c0a29be3b474c4d0740e197bb9af", size = 10571208, upload-time = "2026-07-23T19:11:16.378Z" },
    { url = "https://files.pythonhosted.org/packages/21/09/817a482f542f7570cbb4554b26e896610c7114f539b1d9e2d2145bf6bef6/ruff-0.16.0-py3-none-musllinux_1_2_i686.whl", hash = "sha256:33a3dfac8c35f81498dea9181bccc2f4c4bc8f1521a1dd9406e77643e0f0fb09", size = 11063329, upload-time = "2026-07-23T19:11:19.173Z" },
    { url = "https://files.pythonhosted.org/packages/2e/23/9403c180ca1cb9b1f7335f5c3e5305c09d49ea5b345196682a36028bde4a/ruff-0.16.0-py3-none-musllinux_1_2_x86_64.whl", hash = "sha256:a5237a0bda500d30d81b8e07a6973a5cbc772864cbf746ae2f4e8a2e01c9f4ed", size = 11489751, upload-time = "2026-07-23T19:11:21.74Z" },
    { url = "https://files.pythonhosted.org/packages/b2/1d/1b2ef7bcde851c78d7f17f1cca13fd6dc695fc4b3d6197941e72cae5b132/ruff-0.16.0-py3-none-win32.whl", hash = "sha256:7fab76fa065c873f41ff744347c6e77bcc3dfec4bcc754dc26b63d23c0f7f5fb", size = 10785885, upload-time = "2026-07-23T19:11:23.947Z" },
    { url = "https://files.pythonhosted.org/packages/b2/a3/d5e4ef7a56be3f928ffb90b94c25ba7d3cb9c7fe0736aeaaedf361770712/ruff-0.16.0-py3-none-win_amd64.whl", hash = "sha256:429c117f022bf481fabd9d551e7a3952b24c65e6ef44337ea09d90bebef14472", size = 11923141, upload-time = "2026-07-23T19:11:26.409Z" },
    { url = "https://files.pythonhosted.org/packages/cb/9a/8415f2657cbe200f41a4531ccededf135505a92d4a012229121f885b26f9/ruff-0.16.0-py3-none-win_arm64.whl", hash = "sha256:14296fedcd2705c77ab8235439278bbb38f285cf7da5528b00b3e330c3d4872d", size = 11273407, upload-time = "2026-07-23T19:11:28.705Z" },
]

[[package]]
name = "six"
version = "1.17.0"
source = { registry = "https://pypi.org/simple" }
sdist = { url = "https://files.pythonhosted.org/packages/94/e7/b2c673351809dca68a0e064b6af791aa332cf192da575fd474ed7d6f16a2/six-1.17.0.tar.gz", hash = "sha256:ff70335d468e7eb6ec65b95b99d3a2836546063f63acc5171de367e834932a81", size = 34031, upload-time = "2024-12-04T17:35:28.174Z" }
wheels = [
    { url = "https://files.pythonhosted.org/packages/b7/ce/149a00dd41f10bc29e5921b496af8b574d8413afcd5e30dfa0ed46c2cc5e/six-1.17.0-py2.py3-none-any.whl", hash = "sha256:4721f391ed90541fddacab5acf947aa0d3dc7d27b2e1e8eda2be8970586c3274", size = 11050, upload-time = "2024-12-04T17:35:26.475Z" },
]

[[package]]
name = "typing-extensions"
version = "4.15.0"
source = { registry = "https://pypi.org/simple" }
sdist = { url = "https://files.pythonhosted.org/packages/72/94/1a15dd82efb362ac84269196e94cf00f187f7ed21c242792a923cdb1c61f/typing_extensions-4.15.0.tar.gz", hash = "sha256:0cea48d173cc12fa28ecabc3b837ea3cf6f38c6d1136f85cbaaf598984861466", size = 109391, upload-time = "2025-08-25T13:49:26.313Z" }
wheels = [
    { url = "https://files.pythonhosted.org/packages/18/67/36e9267722cc04a6b9f15c7f3441c2363321a3ea07da7ae0c0707beb2a9c/typing_extensions-4.15.0-py3-none-any.whl", hash = "sha256:f0fa19c6845758ab08074a0cfa8b7aecb71c999ca73d62883bc25cc018c4e548", size = 44614, upload-time = "2025-08-25T13:49:24.86Z" },
]

[[package]]
name = "typing-inspection"
version = "0.4.2"
source = { registry = "https://pypi.org/simple" }
dependencies = [
    { name = "typing-extensions" },
]
sdist = { url = "https://files.pythonhosted.org/packages/55/e3/70399cb7dd41c10ac53367ae42139cf4b1ca5f36bb3dc6c9d33acdb43655/typing_inspection-0.4.2.tar.gz", hash = "sha256:ba561c48a67c5958007083d386c3295464928b01faa735ab8547c5692e87f464", size = 75949, upload-time = "2025-10-01T02:14:41.687Z" }
wheels = [
    { url = "https://files.pythonhosted.org/packages/dc/9b/47798a6c91d8bdb567fe2698fe81e0c6b7cb7ef4d13da4114b41d239f65d/typing_inspection-0.4.2-py3-none-any.whl", hash = "sha256:4ed1cacbdc298c220f1bd249ed5287caa16f34d44ef4e9c3d0cbad5b521545e7", size = 14611, upload-time = "2025-10-01T02:14:40.154Z" },
]

[[package]]
name = "tzdata"
version = "2025.2"
source = { registry = "https://pypi.org/simple" }
sdist = { url = "https://files.pythonhosted.org/packages/95/32/1a225d6164441be760d75c2c42e2780dc0873fe382da3e98a2e1e48361e5/tzdata-2025.2.tar.gz", hash = "sha256:b60a638fcc0daffadf82fe0f57e53d06bdec2f36c4df66280ae79bce6bd6f2b9", size = 196380, upload-time = "2025-03-23T13:54:43.652Z" }
wheels = [
    { url = "https://files.pythonhosted.org/packages/5c/23/c7abc0ca0a1526a0774eca151daeb8de62ec457e77262b66b359c3c7679e/tzdata-2025.2-py2.py3-none-any.whl", hash = "sha256:1a403fada01ff9221ca8044d701868fa132215d84beb92242d9acd2147f667a8", size = 347839, upload-time = "2025-03-23T13:54:41.845Z" },
]
